
Microsoft Visual Studio Solution File, Format Version 12.00
Project("{FAE04EC0-301F-11D3-BF4B-00C04F79EFBC}") = "LB7_3", "LB7_3\LB7_3.csproj", "{65431072-2162-4A17-B7AB-E8BAE28ABFDD}"
EndProject
Global
	GlobalSection(SolutionConfigurationPlatforms) = preSolution
		Debug|Any CPU = Debug|Any CPU
		Release|Any CPU = Release|Any CPU
	EndGlobalSection
	GlobalSection(ProjectConfigurationPlatforms) = postSolution
		{65431072-2162-4A17-B7AB-E8BAE28ABFDD}.Debug|Any CPU.ActiveCfg = Debug|Any CPU
		{65431072-2162-4A17-B7AB-E8BAE28ABFDD}.Debug|Any CPU.Build.0 = Debug|Any CPU
		{65431072-2162-4A17-B7AB-E8BAE28ABFDD}.Release|Any CPU.ActiveCfg = Release|Any CPU
		{65431072-2162-4A17-B7AB-E8BAE28ABFDD}.Release|Any CPU.Build.0 = Release|Any CPU
	EndGlobalSection
EndGlobal
